
Microsoft Visual Studio Solution File, Format Version 12.00
# Visual Studio 14
VisualStudioVersion = 14.0.25420.1
MinimumVisualStudioVersion = 10.0.40219.1
Project("{2150E333-8FDC-42A3-9474-1A3956D46DE8}") = "src", "src", "{F4F5ED31-B525-470E-A1F9-52955967BFA9}"
EndProject
Project("{2150E333-8FDC-42A3-9474-1A3956D46DE8}") = "Solution Items", "Solution Items", "{64E4E6EF-2077-4237-BE8C-55B49F66F53E}"
	ProjectSection(SolutionItems) = preProject
		global.json = global.json
	EndProjectSection
EndProject
Project("{8BB2217D-0F2D-49D1-97BC-3654ED321F3B}") = "LastLibrary", "src\LastLibrary\LastLibrary.xproj", "{3645B559-1A59-4348-B02B-210B831855C2}"
EndProject
Global
	GlobalSection(SolutionConfigurationPlatforms) = preSolution
		Debug|Any CPU = Debug|Any CPU
		Release|Any CPU = Release|Any CPU
	EndGlobalSection
	GlobalSection(ProjectConfigurationPlatforms) = postSolution
		{3645B559-1A59-4348-B02B-210B831855C2}.Debug|Any CPU.ActiveCfg = Debug|Any CPU
		{3645B559-1A59-4348-B02B-210B831855C2}.Debug|Any CPU.Build.0 = Debug|Any CPU
		{3645B559-1A59-4348-B02B-210B831855C2}.Release|Any CPU.ActiveCfg = Release|Any CPU
		{3645B559-1A59-4348-B02B-210B831855C2}.Release|Any CPU.Build.0 = Release|Any CPU
	EndGlobalSection
	GlobalSection(SolutionProperties) = preSolution
		HideSolutionNode = FALSE
	EndGlobalSection
	GlobalSection(NestedProjects) = preSolution
		{3645B559-1A59-4348-B02B-210B831855C2} = {F4F5ED31-B525-470E-A1F9-52955967BFA9}
	EndGlobalSection
EndGlobal
